
Microsoft Visual Studio Solution File, Format Version 11.00
# Visual Studio 2010
Project("{2150E333-8FDC-42A3-9474-1A3956D46DE8}") = ".nuget", ".nuget", "{705DB44D-41A0-4BF5-9A6A-55A1D16B208C}"
	ProjectSection(SolutionItems) = preProject
		.nuget\Cavity log4net for Console Applications.nuspec = .nuget\Cavity Diagnostics log4net for Console Applications.nuspec
		.nuget\Cavity log4net for Web Applications.nuspec = .nuget\Cavity Diagnostics log4net for Web Applications.nuspec
		Cavity log4net.bundle = Cavity log4net.bundle
		.nuget\NuGet.exe = .nuget\NuGet.exe
		.nuget\NuGet.targets = .nuget\NuGet.targets
	EndProjectSection
EndProject
Project("{2150E333-8FDC-42A3-9474-1A3956D46DE8}") = "tools", "tools", "{23581A08-8D1C-4B85-9F80-81DEDAB620E1}"
	ProjectSection(SolutionItems) = preProject
		.nuget\tools\Console.Install.ps1 = .nuget\tools\Console.Install.ps1
		.nuget\tools\Web.Install.ps1 = .nuget\tools\Web.Install.ps1
	EndProjectSection
EndProject
Project("{2150E333-8FDC-42A3-9474-1A3956D46DE8}") = "content", "content", "{8DC1B645-48D4-47D4-8916-002F8FBABF8A}"
	ProjectSection(SolutionItems) = preProject
		.nuget\content\app.config.transform = .nuget\content\app.config.transform
		.nuget\content\log4net.config.transform = .nuget\content\log4net.config.transform
		.nuget\content\web.config.transform = .nuget\content\web.config.transform
	EndProjectSection
EndProject
Project("{2150E333-8FDC-42A3-9474-1A3956D46DE8}") = "App_Start", "App_Start", "{1E51C44B-7F9A-46DE-9D1C-E4842981F5CE}"
	ProjectSection(SolutionItems) = preProject
		.nuget\content\App_Start\CavityDiagnosticsStart.cs.pp = .nuget\content\App_Start\CavityDiagnosticsStart.cs.pp
	EndProjectSection
EndProject
Project("{2150E333-8FDC-42A3-9474-1A3956D46DE8}") = "Properties", "Properties", "{AA3A4A1D-D63E-4C03-87B9-13E1CB8F24F0}"
	ProjectSection(SolutionItems) = preProject
		.nuget\content\Properties\log4net.cs = .nuget\content\Properties\log4net.cs
	EndProjectSection
EndProject
Project("{FAE04EC0-301F-11D3-BF4B-00C04F79EFBC}") = "Diagnostics.Log4Net", "Class Libraries\Diagnostics.Log4Net\Diagnostics.Log4Net.csproj", "{5960B260-2521-4C8A-BF81-F5BDBADC065D}"
EndProject
Project("{FAE04EC0-301F-11D3-BF4B-00C04F79EFBC}") = "Diagnostics.Log4Net.Facts", "Class Libraries\Diagnostics.Log4Net.Facts\Diagnostics.Log4Net.Facts.csproj", "{EB10FF5C-DE8D-40B2-A7CB-9257DDC30507}"
EndProject
Global
	GlobalSection(SolutionConfigurationPlatforms) = preSolution
		Debug|Any CPU = Debug|Any CPU
		Release|Any CPU = Release|Any CPU
	EndGlobalSection
	GlobalSection(ProjectConfigurationPlatforms) = postSolution
		{5960B260-2521-4C8A-BF81-F5BDBADC065D}.Debug|Any CPU.ActiveCfg = Debug|Any CPU
		{5960B260-2521-4C8A-BF81-F5BDBADC065D}.Debug|Any CPU.Build.0 = Debug|Any CPU
		{5960B260-2521-4C8A-BF81-F5BDBADC065D}.Release|Any CPU.ActiveCfg = Release|Any CPU
		{5960B260-2521-4C8A-BF81-F5BDBADC065D}.Release|Any CPU.Build.0 = Release|Any CPU
		{EB10FF5C-DE8D-40B2-A7CB-9257DDC30507}.Debug|Any CPU.ActiveCfg = Debug|Any CPU
		{EB10FF5C-DE8D-40B2-A7CB-9257DDC30507}.Debug|Any CPU.Build.0 = Debug|Any CPU
		{EB10FF5C-DE8D-40B2-A7CB-9257DDC30507}.Release|Any CPU.ActiveCfg = Release|Any CPU
		{EB10FF5C-DE8D-40B2-A7CB-9257DDC30507}.Release|Any CPU.Build.0 = Release|Any CPU
	EndGlobalSection
	GlobalSection(SolutionProperties) = preSolution
		HideSolutionNode = FALSE
	EndGlobalSection
	GlobalSection(NestedProjects) = preSolution
		{23581A08-8D1C-4B85-9F80-81DEDAB620E1} = {705DB44D-41A0-4BF5-9A6A-55A1D16B208C}
		{8DC1B645-48D4-47D4-8916-002F8FBABF8A} = {705DB44D-41A0-4BF5-9A6A-55A1D16B208C}
		{1E51C44B-7F9A-46DE-9D1C-E4842981F5CE} = {8DC1B645-48D4-47D4-8916-002F8FBABF8A}
		{AA3A4A1D-D63E-4C03-87B9-13E1CB8F24F0} = {8DC1B645-48D4-47D4-8916-002F8FBABF8A}
	EndGlobalSection
EndGlobal
